
Microsoft Visual Studio Solution File, Format Version 12.00
# Visual Studio 15
VisualStudioVersion = 15.0.27428.2043
MinimumVisualStudioVersion = 10.0.40219.1
Project("{F184B08F-C81C-45F6-A57F-5ABD9991F28F}") = "Web_gitar", "Web_gitar\Web_gitar.vbproj", "{0418D7B1-0E50-453D-B3CE-D24AD3C50043}"
EndProject
Global
	GlobalSection(SolutionConfigurationPlatforms) = preSolution
		Debug|Any CPU = Debug|Any CPU
		Release|Any CPU = Release|Any CPU
	EndGlobalSection
	GlobalSection(ProjectConfigurationPlatforms) = postSolution
		{0418D7B1-0E50-453D-B3CE-D24AD3C50043}.Debug|Any CPU.ActiveCfg = Debug|Any CPU
		{0418D7B1-0E50-453D-B3CE-D24AD3C50043}.Debug|Any CPU.Build.0 = Debug|Any CPU
		{0418D7B1-0E50-453D-B3CE-D24AD3C50043}.Release|Any CPU.ActiveCfg = Release|Any CPU
		{0418D7B1-0E50-453D-B3CE-D24AD3C50043}.Release|Any CPU.Build.0 = Release|Any CPU
	EndGlobalSection
	GlobalSection(SolutionProperties) = preSolution
		HideSolutionNode = FALSE
	EndGlobalSection
	GlobalSection(ExtensibilityGlobals) = postSolution
		SolutionGuid = {FADCE40F-DB84-4C82-ACA7-55C7F9735850}
	EndGlobalSection
EndGlobal
